
Microsoft Visual Studio Solution File, Format Version 12.00
# Visual Studio Version 17
VisualStudioVersion = 17.3.32929.385
MinimumVisualStudioVersion = 10.0.40219.1
Project("{9A19103F-16F7-4668-BE54-9A1E7A4F7556}") = "InspectorPatterns", "InspectorPatterns\InspectorPatterns.csproj", "{72725BD3-BED7-4331-B1E9-F16F2C1F376F}"
EndProject
Project("{9A19103F-16F7-4668-BE54-9A1E7A4F7556}") = "InspectorPatterns.CodeFixes", "InspectorPatterns.CodeFixes\InspectorPatterns.CodeFixes.csproj", "{FB2481E8-3294-48CF-9951-888903D2D23F}"
EndProject
Project("{9A19103F-16F7-4668-BE54-9A1E7A4F7556}") = "InspectorPatterns.Package", "InspectorPatterns.Package\InspectorPatterns.Package.csproj", "{2DF192E9-4CC1-41DE-9D10-620AE0F4827D}"
EndProject
Project("{9A19103F-16F7-4668-BE54-9A1E7A4F7556}") = "InspectorPatterns.Test", "InspectorPatterns.Test\InspectorPatterns.Test.csproj", "{2E52D542-1B2A-4B77-B9E8-F3E1CE212FAF}"
EndProject
Project("{9A19103F-16F7-4668-BE54-9A1E7A4F7556}") = "InspectorPatterns.Vsix", "InspectorPatterns.Vsix\InspectorPatterns.Vsix.csproj", "{FC8E8BFA-94C5-46E3-B593-0ED7EF71C89B}"
EndProject
Global
	GlobalSection(SolutionConfigurationPlatforms) = preSolution
		Debug|Any CPU = Debug|Any CPU
		Release|Any CPU = Release|Any CPU
	EndGlobalSection
	GlobalSection(ProjectConfigurationPlatforms) = postSolution
		{72725BD3-BED7-4331-B1E9-F16F2C1F376F}.Debug|Any CPU.ActiveCfg = Debug|Any CPU
		{72725BD3-BED7-4331-B1E9-F16F2C1F376F}.Debug|Any CPU.Build.0 = Debug|Any CPU
		{72725BD3-BED7-4331-B1E9-F16F2C1F376F}.Release|Any CPU.ActiveCfg = Release|Any CPU
		{72725BD3-BED7-4331-B1E9-F16F2C1F376F}.Release|Any CPU.Build.0 = Release|Any CPU
		{FB2481E8-3294-48CF-9951-888903D2D23F}.Debug|Any CPU.ActiveCfg = Debug|Any CPU
		{FB2481E8-3294-48CF-9951-888903D2D23F}.Debug|Any CPU.Build.0 = Debug|Any CPU
		{FB2481E8-3294-48CF-9951-888903D2D23F}.Release|Any CPU.ActiveCfg = Release|Any CPU
		{FB2481E8-3294-48CF-9951-888903D2D23F}.Release|Any CPU.Build.0 = Release|Any CPU
		{2DF192E9-4CC1-41DE-9D10-620AE0F4827D}.Debug|Any CPU.ActiveCfg = Debug|Any CPU
		{2DF192E9-4CC1-41DE-9D10-620AE0F4827D}.Debug|Any CPU.Build.0 = Debug|Any CPU
		{2DF192E9-4CC1-41DE-9D10-620AE0F4827D}.Release|Any CPU.ActiveCfg = Release|Any CPU
		{2DF192E9-4CC1-41DE-9D10-620AE0F4827D}.Release|Any CPU.Build.0 = Release|Any CPU
		{2E52D542-1B2A-4B77-B9E8-F3E1CE212FAF}.Debug|Any CPU.ActiveCfg = Debug|Any CPU
		{2E52D542-1B2A-4B77-B9E8-F3E1CE212FAF}.Debug|Any CPU.Build.0 = Debug|Any CPU
		{2E52D542-1B2A-4B77-B9E8-F3E1CE212FAF}.Release|Any CPU.ActiveCfg = Release|Any CPU
		{2E52D542-1B2A-4B77-B9E8-F3E1CE212FAF}.Release|Any CPU.Build.0 = Release|Any CPU
		{FC8E8BFA-94C5-46E3-B593-0ED7EF71C89B}.Debug|Any CPU.ActiveCfg = Debug|Any CPU
		{FC8E8BFA-94C5-46E3-B593-0ED7EF71C89B}.Debug|Any CPU.Build.0 = Debug|Any CPU
		{FC8E8BFA-94C5-46E3-B593-0ED7EF71C89B}.Release|Any CPU.ActiveCfg = Release|Any CPU
		{FC8E8BFA-94C5-46E3-B593-0ED7EF71C89B}.Release|Any CPU.Build.0 = Release|Any CPU
	EndGlobalSection
	GlobalSection(SolutionProperties) = preSolution
		HideSolutionNode = FALSE
	EndGlobalSection
	GlobalSection(ExtensibilityGlobals) = postSolution
		SolutionGuid = {47F59594-3335-4EA2-A168-3670C72825C5}
	EndGlobalSection
EndGlobal
